{
  "version": 4,
  "terraform_version": "1.11.4",
  "serial": 15,
  "lineage": "cb0be986-89a1-649a-dd45-650298c441c3",
  "outputs": {},
  "resources": [
    {
      "mode": "managed",
      "type": "google_firebase_database_instance",
      "name": "database",
      "provider": "provider[\"registry.terraform.io/hashicorp/google-beta\"]",
      "instances": [
        {
          "schema_version": 0,
          "attributes": {
            "database_url": "https://grow-run-archive-test-default-rtdb.asia-southeast1.firebasedatabase.app",
            "desired_state": "ACTIVE",
            "id": "projects/grow-run-archive-test/locations/asia-southeast1/instances/grow-run-archive-test-default-rtdb",
            "instance_id": "grow-run-archive-test-default-rtdb",
            "name": "projects/128390776674/locations/asia-southeast1/instances/grow-run-archive-test-default-rtdb",
            "project": "grow-run-archive-test",
            "region": "asia-southeast1",
            "state": "ACTIVE",
            "timeouts": null,
            "type": "DEFAULT_DATABASE"
          },
          "sensitive_attributes": [],
          "private": "eyJlMmJmYjczMC1lY2FhLTExZTYtOGY4OC0zNDM2M2JjN2M0YzAiOnsiY3JlYXRlIjoxMjAwMDAwMDAwMDAwLCJkZWxldGUiOjEyMDAwMDAwMDAwMDAsInVwZGF0ZSI6MTIwMDAwMDAwMDAwMH19",
          "dependencies": [
            "google_firebase_project.default",
            "google_project.default",
            "google_project_service.default"
          ]
        }
      ]
    },
    {
      "mode": "managed",
      "type": "google_firebase_project",
      "name": "default",
      "provider": "provider[\"registry.terraform.io/hashicorp/google-beta\"]",
      "instances": [
        {
          "schema_version": 0,
          "attributes": {
            "display_name": "Grow Run Archive Test",
            "id": "projects/grow-run-archive-test",
            "project": "grow-run-archive-test",
            "project_number": "128390776674",
            "timeouts": null
          },
          "sensitive_attributes": [],
          "private": "eyJlMmJmYjczMC1lY2FhLTExZTYtOGY4OC0zNDM2M2JjN2M0YzAiOnsiY3JlYXRlIjoxMjAwMDAwMDAwMDAwLCJkZWxldGUiOjEyMDAwMDAwMDAwMDB9fQ==",
          "dependencies": [
            "google_project.default",
            "google_project_service.default"
          ]
        }
      ]
    },
    {
      "mode": "managed",
      "type": "google_firebase_web_app",
      "name": "default",
      "provider": "provider[\"registry.terraform.io/hashicorp/google-beta\"]",
      "instances": [
        {
          "schema_version": 0,
          "attributes": {
            "api_key_id": "355ad630-4332-45bf-a070-98ae314edac4",
            "app_id": "1:128390776674:web:3b698234841ef147f64e3b",
            "app_urls": [],
            "deletion_policy": "DELETE",
            "display_name": "Grow Run Archive UI",
            "id": "projects/grow-run-archive-test/webApps/1:128390776674:web:3b698234841ef147f64e3b",
            "name": "projects/grow-run-archive-test/webApps/1:128390776674:web:3b698234841ef147f64e3b",
            "project": "grow-run-archive-test",
            "timeouts": null
          },
          "sensitive_attributes": [],
          "private": "eyJlMmJmYjczMC1lY2FhLTExZTYtOGY4OC0zNDM2M2JjN2M0YzAiOnsiY3JlYXRlIjoxMjAwMDAwMDAwMDAwLCJkZWxldGUiOjEyMDAwMDAwMDAwMDAsInVwZGF0ZSI6MTIwMDAwMDAwMDAwMH19",
          "dependencies": [
            "google_firebase_project.default",
            "google_project.default",
            "google_project_service.default"
          ]
        }
      ]
    },
    {
      "mode": "managed",
      "type": "google_project",
      "name": "default",
      "provider": "provider[\"registry.terraform.io/hashicorp/google-beta\"].no_user_project_override",
      "instances": [
        {
          "schema_version": 1,
          "attributes": {
            "auto_create_network": true,
            "billing_account": null,
            "deletion_policy": "PREVENT",
            "effective_labels": {
              "firebase": "enabled",
              "goog-terraform-provisioned": "true"
            },
            "folder_id": null,
            "id": "projects/grow-run-archive-test",
            "labels": {
              "firebase": "enabled"
            },
            "name": "Grow Run Archive Test",
            "number": "128390776674",
            "org_id": null,
            "project_id": "grow-run-archive-test",
            "tags": null,
            "terraform_labels": {
              "firebase": "enabled",
              "goog-terraform-provisioned": "true"
            },
            "timeouts": null
          },
          "sensitive_attributes": [],
          "private": "eyJlMmJmYjczMC1lY2FhLTExZTYtOGY4OC0zNDM2M2JjN2M0YzAiOnsiY3JlYXRlIjo2MDAwMDAwMDAwMDAsImRlbGV0ZSI6NjAwMDAwMDAwMDAwLCJyZWFkIjo2MDAwMDAwMDAwMDAsInVwZGF0ZSI6NjAwMDAwMDAwMDAwfSwic2NoZW1hX3ZlcnNpb24iOiIxIn0="
        }
      ]
    },
    {
      "mode": "managed",
      "type": "google_project_service",
      "name": "default",
      "provider": "provider[\"registry.terraform.io/hashicorp/google-beta\"].no_user_project_override",
      "instances": [
        {
          "index_key": "cloudresourcemanager.googleapis.com",
          "schema_version": 0,
          "attributes": {
            "check_if_service_has_usage_on_destroy": false,
            "disable_dependent_services": null,
            "disable_on_destroy": false,
            "id": "grow-run-archive-test/cloudresourcemanager.googleapis.com",
            "project": "grow-run-archive-test",
            "service": "cloudresourcemanager.googleapis.com",
            "timeouts": null
          },
          "sensitive_attributes": [],
          "private": "eyJlMmJmYjczMC1lY2FhLTExZTYtOGY4OC0zNDM2M2JjN2M0YzAiOnsiY3JlYXRlIjoxMjAwMDAwMDAwMDAwLCJkZWxldGUiOjEyMDAwMDAwMDAwMDAsInJlYWQiOjYwMDAwMDAwMDAwMCwidXBkYXRlIjoxMjAwMDAwMDAwMDAwfX0=",
          "dependencies": [
            "google_project.default"
          ]
        },
        {
          "index_key": "firebase.googleapis.com",
          "schema_version": 0,
          "attributes": {
            "check_if_service_has_usage_on_destroy": false,
            "disable_dependent_services": null,
            "disable_on_destroy": false,
            "id": "grow-run-archive-test/firebase.googleapis.com",
            "project": "grow-run-archive-test",
            "service": "firebase.googleapis.com",
            "timeouts": null
          },
          "sensitive_attributes": [],
          "private": "eyJlMmJmYjczMC1lY2FhLTExZTYtOGY4OC0zNDM2M2JjN2M0YzAiOnsiY3JlYXRlIjoxMjAwMDAwMDAwMDAwLCJkZWxldGUiOjEyMDAwMDAwMDAwMDAsInJlYWQiOjYwMDAwMDAwMDAwMCwidXBkYXRlIjoxMjAwMDAwMDAwMDAwfX0=",
          "dependencies": [
            "google_project.default"
          ]
        },
        {
          "index_key": "firebasedatabase.googleapis.com",
          "schema_version": 0,
          "attributes": {
            "check_if_service_has_usage_on_destroy": false,
            "disable_dependent_services": null,
            "disable_on_destroy": false,
            "id": "grow-run-archive-test/firebasedatabase.googleapis.com",
            "project": "grow-run-archive-test",
            "service": "firebasedatabase.googleapis.com",
            "timeouts": null
          },
          "sensitive_attributes": [],
          "private": "eyJlMmJmYjczMC1lY2FhLTExZTYtOGY4OC0zNDM2M2JjN2M0YzAiOnsiY3JlYXRlIjoxMjAwMDAwMDAwMDAwLCJkZWxldGUiOjEyMDAwMDAwMDAwMDAsInJlYWQiOjYwMDAwMDAwMDAwMCwidXBkYXRlIjoxMjAwMDAwMDAwMDAwfX0=",
          "dependencies": [
            "google_project.default"
          ]
        },
        {
          "index_key": "identitytoolkit.googleapis.com",
          "schema_version": 0,
          "attributes": {
            "check_if_service_has_usage_on_destroy": false,
            "disable_dependent_services": null,
            "disable_on_destroy": false,
            "id": "grow-run-archive-test/identitytoolkit.googleapis.com",
            "project": "grow-run-archive-test",
            "service": "identitytoolkit.googleapis.com",
            "timeouts": null
          },
          "sensitive_attributes": [],
          "private": "eyJlMmJmYjczMC1lY2FhLTExZTYtOGY4OC0zNDM2M2JjN2M0YzAiOnsiY3JlYXRlIjoxMjAwMDAwMDAwMDAwLCJkZWxldGUiOjEyMDAwMDAwMDAwMDAsInJlYWQiOjYwMDAwMDAwMDAwMCwidXBkYXRlIjoxMjAwMDAwMDAwMDAwfX0=",
          "dependencies": [
            "google_project.default"
          ]
        }
      ]
    },
    {
      "mode": "managed",
      "type": "neon_project",
      "name": "grow-run-archive-test",
      "provider": "provider[\"registry.terraform.io/kislerdm/neon\"]",
      "instances": [
        {
          "schema_version": 11,
          "attributes": {
            "allowed_ips": null,
            "allowed_ips_protected_branches_only": null,
            "branch": [
              {
                "database_name": "neondb",
                "id": "br-orange-surf-a4410k58",
                "name": "main",
                "role_name": "neondb_owner"
              }
            ],
            "compute_provisioner": "k8s-neonvm",
            "connection_uri": "postgres://neondb_owner:npg_ki0W3mdMPoBy@ep-little-sunset-a4bvnwai.us-east-1.aws.neon.tech/neondb?sslmode=require",
            "connection_uri_pooler": "postgres://neondb_owner:npg_ki0W3mdMPoBy@ep-little-sunset-a4bvnwai-pooler.us-east-1.aws.neon.tech/neondb?sslmode=require",
            "database_host": "ep-little-sunset-a4bvnwai.us-east-1.aws.neon.tech",
            "database_host_pooler": "ep-little-sunset-a4bvnwai-pooler.us-east-1.aws.neon.tech",
            "database_name": "neondb",
            "database_password": "npg_ki0W3mdMPoBy",
            "database_user": "neondb_owner",
            "default_branch_id": "br-orange-surf-a4410k58",
            "default_endpoint_id": "ep-little-sunset-a4bvnwai",
            "default_endpoint_settings": [
              {
                "autoscaling_limit_max_cu": 0.25,
                "autoscaling_limit_min_cu": 0.25,
                "id": "ep-little-sunset-a4bvnwai",
                "suspend_timeout_seconds": 0
              }
            ],
            "enable_logical_replication": null,
            "history_retention_seconds": 86400,
            "id": "bold-cloud-55710732",
            "name": "Grow Run Archive Test",
            "org_id": null,
            "pg_version": 17,
            "quota": [
              {
                "active_time_seconds": null,
                "compute_time_seconds": null,
                "data_transfer_bytes": null,
                "logical_size_bytes": null,
                "written_data_bytes": null
              }
            ],
            "region_id": "aws-us-east-1",
            "store_password": "yes"
          },
          "sensitive_attributes": [
            [
              {
                "type": "get_attr",
                "value": "connection_uri_pooler"
              }
            ],
            [
              {
                "type": "get_attr",
                "value": "connection_uri"
              }
            ],
            [
              {
                "type": "get_attr",
                "value": "database_password"
              }
            ]
          ],
          "private": "eyJzY2hlbWFfdmVyc2lvbiI6IjExIn0="
        }
      ]
    }
  ],
  "check_results": null
}
